
Microsoft Visual Studio Solution File, Format Version 12.00
# Visual Studio Version 17
VisualStudioVersion = 17.3.32825.248
MinimumVisualStudioVersion = 10.0.40219.1
Project("{FAE04EC0-301F-11D3-BF4B-00C04F79EFBC}") = "awscodepipeline", "awscodepipeline.csproj", "{1125975E-ABCB-40C1-9C00-918AF16E3124}"
EndProject
Global
	GlobalSection(SolutionConfigurationPlatforms) = preSolution
		Debug|Any CPU = Debug|Any CPU
		Release|Any CPU = Release|Any CPU
	EndGlobalSection
	GlobalSection(ProjectConfigurationPlatforms) = postSolution
		{1125975E-ABCB-40C1-9C00-918AF16E3124}.Debug|Any CPU.ActiveCfg = Debug|Any CPU
		{1125975E-ABCB-40C1-9C00-918AF16E3124}.Debug|Any CPU.Build.0 = Debug|Any CPU
		{1125975E-ABCB-40C1-9C00-918AF16E3124}.Release|Any CPU.ActiveCfg = Release|Any CPU
		{1125975E-ABCB-40C1-9C00-918AF16E3124}.Release|Any CPU.Build.0 = Release|Any CPU
	EndGlobalSection
	GlobalSection(SolutionProperties) = preSolution
		HideSolutionNode = FALSE
	EndGlobalSection
	GlobalSection(ExtensibilityGlobals) = postSolution
		SolutionGuid = {5D868B69-34D6-4910-BADD-8696F9F439D0}
	EndGlobalSection
EndGlobal
